
Microsoft Visual Studio Solution File, Format Version 12.00
# Visual Studio Version 17
VisualStudioVersion = 17.10.34928.147
MinimumVisualStudioVersion = 10.0.40219.1
Project("{2150E333-8FDC-42A3-9474-1A3956D46DE8}") = "Services", "Services", "{2288C6F5-9337-414C-8B0D-A96C5ECD84A2}"
EndProject
Project("{2150E333-8FDC-42A3-9474-1A3956D46DE8}") = "Catalog", "Catalog", "{AD1C210A-1987-46B1-87B3-3902F119ABF7}"
EndProject
Project("{9A19103F-16F7-4668-BE54-9A1E7A4F7556}") = "MultiShop.Catalog", "Services\Catalog\MultiShop.Catalog\MultiShop.Catalog.csproj", "{F003C8CA-CB3F-48DB-95AC-A496580AC46F}"
EndProject
Project("{2150E333-8FDC-42A3-9474-1A3956D46DE8}") = "Discount", "Discount", "{70EE4F68-23F2-440C-8E92-E7DDE6748E54}"
EndProject
Project("{9A19103F-16F7-4668-BE54-9A1E7A4F7556}") = "MultiShop.Discount", "Services\Discount\MultiShop.Discount\MultiShop.Discount.csproj", "{0378B83E-E11E-4230-AEEA-CFC2459FF7D7}"
EndProject
Project("{2150E333-8FDC-42A3-9474-1A3956D46DE8}") = "Order", "Order", "{1B935EF4-54C9-41BF-923C-39B1E9349BDB}"
EndProject
Project("{2150E333-8FDC-42A3-9474-1A3956D46DE8}") = "Core", "Core", "{88A44ED3-94AB-4490-9F6A-E5E4275A4509}"
EndProject
Project("{2150E333-8FDC-42A3-9474-1A3956D46DE8}") = "Infrastructure", "Infrastructure", "{8BF9235E-7F2B-4AA3-9AC2-10AEF550996C}"
EndProject
Project("{2150E333-8FDC-42A3-9474-1A3956D46DE8}") = "Presentation", "Presentation", "{81BCF0F9-819F-4A0A-8E70-F5FBF930B746}"
EndProject
Project("{9A19103F-16F7-4668-BE54-9A1E7A4F7556}") = "MultiShop.Order.Domain", "Services\Order\Core\MultiShop.Order.Domain\MultiShop.Order.Domain.csproj", "{4F204DB6-E0E0-43BC-B133-9E8B71234DEB}"
EndProject
Project("{9A19103F-16F7-4668-BE54-9A1E7A4F7556}") = "MultiShop.Order.Application", "Services\Order\Core\MultiShop.Order.Application\MultiShop.Order.Application.csproj", "{49F10534-B6EF-4AB7-B875-8A355C0213E3}"
EndProject
Project("{9A19103F-16F7-4668-BE54-9A1E7A4F7556}") = "MultiShop.Order.Persistence", "Services\Order\Infrastructure\MultiShop.Order.Persistence\MultiShop.Order.Persistence.csproj", "{D4399011-4684-4FF2-B5C1-52DDE966ADD0}"
EndProject
Project("{9A19103F-16F7-4668-BE54-9A1E7A4F7556}") = "MultiShop.Order.WebApi", "Services\Order\Presentation\MultiShop.Order.WebApi\MultiShop.Order.WebApi.csproj", "{7F6F9038-C479-41DF-ADCA-D0007EF8488F}"
EndProject
Project("{2150E333-8FDC-42A3-9474-1A3956D46DE8}") = "IdentityServer", "IdentityServer", "{ADA33D4B-F15B-4552-B7D5-22B05368E0F7}"
EndProject
Project("{9A19103F-16F7-4668-BE54-9A1E7A4F7556}") = "MultiShop.IdentityServer", "IdentityServer\MultiShop.IdentityServer\MultiShop.IdentityServer.csproj", "{BF203B60-1488-438C-B3FD-7D060E416CC8}"
EndProject
Project("{2150E333-8FDC-42A3-9474-1A3956D46DE8}") = "Cargo", "Cargo", "{FF882599-2A26-4F7D-946A-7E2D87B7D65D}"
EndProject
Project("{9A19103F-16F7-4668-BE54-9A1E7A4F7556}") = "MultiShop.Cargo.Business", "Services\Cargo\MultiShop.Cargo.Business\MultiShop.Cargo.Business.csproj", "{E2305EB0-51D0-4175-A01A-C6DEF686F9F5}"
EndProject
Project("{9A19103F-16F7-4668-BE54-9A1E7A4F7556}") = "MultiShop.Cargo.Entity", "Services\Cargo\MultiShop.Cargo.Entity\MultiShop.Cargo.Entity.csproj", "{B194B22F-5039-40EF-AE59-EE90603A51E4}"
EndProject
Project("{9A19103F-16F7-4668-BE54-9A1E7A4F7556}") = "MultiShop.Cargo.DataAccess", "Services\Cargo\MultiShop.Cargo.DataAccess\MultiShop.Cargo.DataAccess.csproj", "{7B5B6E12-337A-4066-A714-AB7F2586EEAC}"
EndProject
Project("{9A19103F-16F7-4668-BE54-9A1E7A4F7556}") = "MultiShop.Cargo.Dto", "Service\Cargo\MultiShop.Cargo.Dto\MultiShop.Cargo.Dto.csproj", "{7992A6B2-3FF8-491C-9A2C-7C2A1D9D6926}"
EndProject
Project("{9A19103F-16F7-4668-BE54-9A1E7A4F7556}") = "MultiShop.Cargo.WebApi", "Services\Cargo\MultiShop.Cargo.WebApi\MultiShop.Cargo.WebApi.csproj", "{199C6D9B-3802-47EF-AF5A-29190A006C44}"
EndProject
Project("{2150E333-8FDC-42A3-9474-1A3956D46DE8}") = "Requirements", "Requirements", "{FA9BD350-EA14-43C1-80B5-FE28569BDC63}"
	ProjectSection(SolutionItems) = preProject
		OcelotCodeExample.txt = OcelotCodeExample.txt
		OcelotLink.txt = OcelotLink.txt
		PortNumbers.txt = PortNumbers.txt
		SimpleCode.txt = SimpleCode.txt
		UserExample.txt = UserExample.txt
	EndProjectSection
EndProject
Project("{2150E333-8FDC-42A3-9474-1A3956D46DE8}") = "Basket", "Basket", "{ED8C43D7-37D7-42DD-B293-CF4C33E2D416}"
EndProject
Project("{9A19103F-16F7-4668-BE54-9A1E7A4F7556}") = "MultiShop.Basket", "Services\Basket\MultiShop.Basket\MultiShop.Basket.csproj", "{A88B8CC5-81A9-4D3A-875C-08CFC5E453CB}"
EndProject
Project("{2150E333-8FDC-42A3-9474-1A3956D46DE8}") = "Frontends", "Frontends", "{9A5E43A9-E147-468D-B6CF-BC79FAE26EC5}"
EndProject
Project("{9A19103F-16F7-4668-BE54-9A1E7A4F7556}") = "MultiShop.WebUI", "Frontends\MultiShop.WebUI\MultiShop.WebUI.csproj", "{0C4938FA-F700-4D50-B292-CDA468A0E970}"
EndProject
Project("{9A19103F-16F7-4668-BE54-9A1E7A4F7556}") = "MultiShop.DtoLayer", "Frontends\MultiShop.DtoLayer\MultiShop.DtoLayer.csproj", "{FDF95EB4-CD77-46FF-93A4-6E75DD89E5BB}"
EndProject
Project("{2150E333-8FDC-42A3-9474-1A3956D46DE8}") = "Comment", "Comment", "{3FFD5E52-9B88-4A13-AAC8-B0E7641C58BC}"
EndProject
Project("{9A19103F-16F7-4668-BE54-9A1E7A4F7556}") = "MultiShop.Comment", "Services\Comment\MultiShop.Comment\MultiShop.Comment.csproj", "{3A2724D7-2713-4859-963C-5879ECD60C75}"
EndProject
Project("{2150E333-8FDC-42A3-9474-1A3956D46DE8}") = "ApiGateway", "ApiGateway", "{5F022A65-327D-43A1-81B0-7AD9EE1DAA72}"
EndProject
Project("{2150E333-8FDC-42A3-9474-1A3956D46DE8}") = "RapidApi", "RapidApi", "{2D70BC31-FB9B-4157-A3AB-696A4A7FB287}"
EndProject
Project("{FAE04EC0-301F-11D3-BF4B-00C04F79EFBC}") = "MultiShop.OcelotGateway", "ApiGateway\MultiShop.OcelotGateway\MultiShop.OcelotGateway.csproj", "{A73BC498-5EAE-4A14-B38F-B8A057AA2EE1}"
EndProject
Project("{2150E333-8FDC-42A3-9474-1A3956D46DE8}") = "Payment", "Payment", "{CE940E85-3B57-4ED2-93B3-073A7E4CD7E8}"
EndProject
Project("{FAE04EC0-301F-11D3-BF4B-00C04F79EFBC}") = "MultiShop.Payment", "Services\Payment\MultiShop.Payment\MultiShop.Payment.csproj", "{852F8C0B-A1E7-477B-BC40-287200164F80}"
EndProject
Project("{2150E333-8FDC-42A3-9474-1A3956D46DE8}") = "Images", "Images", "{33C560A7-133F-4104-ACED-97C2003EF0F1}"
EndProject
Project("{FAE04EC0-301F-11D3-BF4B-00C04F79EFBC}") = "MultiShop.Images", "Services\Images\MultiShop.Images\MultiShop.Images.csproj", "{F31AA583-D011-449B-B2B9-45A2ECC9F571}"
EndProject
Global
	GlobalSection(SolutionConfigurationPlatforms) = preSolution
		Debug|Any CPU = Debug|Any CPU
		Release|Any CPU = Release|Any CPU
	EndGlobalSection
	GlobalSection(ProjectConfigurationPlatforms) = postSolution
		{F003C8CA-CB3F-48DB-95AC-A496580AC46F}.Debug|Any CPU.ActiveCfg = Debug|Any CPU
		{F003C8CA-CB3F-48DB-95AC-A496580AC46F}.Debug|Any CPU.Build.0 = Debug|Any CPU
		{F003C8CA-CB3F-48DB-95AC-A496580AC46F}.Release|Any CPU.ActiveCfg = Release|Any CPU
		{F003C8CA-CB3F-48DB-95AC-A496580AC46F}.Release|Any CPU.Build.0 = Release|Any CPU
		{0378B83E-E11E-4230-AEEA-CFC2459FF7D7}.Debug|Any CPU.ActiveCfg = Debug|Any CPU
		{0378B83E-E11E-4230-AEEA-CFC2459FF7D7}.Debug|Any CPU.Build.0 = Debug|Any CPU
		{0378B83E-E11E-4230-AEEA-CFC2459FF7D7}.Release|Any CPU.ActiveCfg = Release|Any CPU
		{0378B83E-E11E-4230-AEEA-CFC2459FF7D7}.Release|Any CPU.Build.0 = Release|Any CPU
		{4F204DB6-E0E0-43BC-B133-9E8B71234DEB}.Debug|Any CPU.ActiveCfg = Debug|Any CPU
		{4F204DB6-E0E0-43BC-B133-9E8B71234DEB}.Debug|Any CPU.Build.0 = Debug|Any CPU
		{4F204DB6-E0E0-43BC-B133-9E8B71234DEB}.Release|Any CPU.ActiveCfg = Release|Any CPU
		{4F204DB6-E0E0-43BC-B133-9E8B71234DEB}.Release|Any CPU.Build.0 = Release|Any CPU
		{49F10534-B6EF-4AB7-B875-8A355C0213E3}.Debug|Any CPU.ActiveCfg = Debug|Any CPU
		{49F10534-B6EF-4AB7-B875-8A355C0213E3}.Debug|Any CPU.Build.0 = Debug|Any CPU
		{49F10534-B6EF-4AB7-B875-8A355C0213E3}.Release|Any CPU.ActiveCfg = Release|Any CPU
		{49F10534-B6EF-4AB7-B875-8A355C0213E3}.Release|Any CPU.Build.0 = Release|Any CPU
		{D4399011-4684-4FF2-B5C1-52DDE966ADD0}.Debug|Any CPU.ActiveCfg = Debug|Any CPU
		{D4399011-4684-4FF2-B5C1-52DDE966ADD0}.Debug|Any CPU.Build.0 = Debug|Any CPU
		{D4399011-4684-4FF2-B5C1-52DDE966ADD0}.Release|Any CPU.ActiveCfg = Release|Any CPU
		{D4399011-4684-4FF2-B5C1-52DDE966ADD0}.Release|Any CPU.Build.0 = Release|Any CPU
		{7F6F9038-C479-41DF-ADCA-D0007EF8488F}.Debug|Any CPU.ActiveCfg = Debug|Any CPU
		{7F6F9038-C479-41DF-ADCA-D0007EF8488F}.Debug|Any CPU.Build.0 = Debug|Any CPU
		{7F6F9038-C479-41DF-ADCA-D0007EF8488F}.Release|Any CPU.ActiveCfg = Release|Any CPU
		{7F6F9038-C479-41DF-ADCA-D0007EF8488F}.Release|Any CPU.Build.0 = Release|Any CPU
		{BF203B60-1488-438C-B3FD-7D060E416CC8}.Debug|Any CPU.ActiveCfg = Debug|Any CPU
		{BF203B60-1488-438C-B3FD-7D060E416CC8}.Debug|Any CPU.Build.0 = Debug|Any CPU
		{BF203B60-1488-438C-B3FD-7D060E416CC8}.Release|Any CPU.ActiveCfg = Release|Any CPU
		{BF203B60-1488-438C-B3FD-7D060E416CC8}.Release|Any CPU.Build.0 = Release|Any CPU
		{E2305EB0-51D0-4175-A01A-C6DEF686F9F5}.Debug|Any CPU.ActiveCfg = Debug|Any CPU
		{E2305EB0-51D0-4175-A01A-C6DEF686F9F5}.Debug|Any CPU.Build.0 = Debug|Any CPU
		{E2305EB0-51D0-4175-A01A-C6DEF686F9F5}.Release|Any CPU.ActiveCfg = Release|Any CPU
		{E2305EB0-51D0-4175-A01A-C6DEF686F9F5}.Release|Any CPU.Build.0 = Release|Any CPU
		{B194B22F-5039-40EF-AE59-EE90603A51E4}.Debug|Any CPU.ActiveCfg = Debug|Any CPU
		{B194B22F-5039-40EF-AE59-EE90603A51E4}.Debug|Any CPU.Build.0 = Debug|Any CPU
		{B194B22F-5039-40EF-AE59-EE90603A51E4}.Release|Any CPU.ActiveCfg = Release|Any CPU
		{B194B22F-5039-40EF-AE59-EE90603A51E4}.Release|Any CPU.Build.0 = Release|Any CPU
		{7B5B6E12-337A-4066-A714-AB7F2586EEAC}.Debug|Any CPU.ActiveCfg = Debug|Any CPU
		{7B5B6E12-337A-4066-A714-AB7F2586EEAC}.Debug|Any CPU.Build.0 = Debug|Any CPU
		{7B5B6E12-337A-4066-A714-AB7F2586EEAC}.Release|Any CPU.ActiveCfg = Release|Any CPU
		{7B5B6E12-337A-4066-A714-AB7F2586EEAC}.Release|Any CPU.Build.0 = Release|Any CPU
		{7992A6B2-3FF8-491C-9A2C-7C2A1D9D6926}.Debug|Any CPU.ActiveCfg = Debug|Any CPU
		{7992A6B2-3FF8-491C-9A2C-7C2A1D9D6926}.Debug|Any CPU.Build.0 = Debug|Any CPU
		{7992A6B2-3FF8-491C-9A2C-7C2A1D9D6926}.Release|Any CPU.ActiveCfg = Release|Any CPU
		{7992A6B2-3FF8-491C-9A2C-7C2A1D9D6926}.Release|Any CPU.Build.0 = Release|Any CPU
		{199C6D9B-3802-47EF-AF5A-29190A006C44}.Debug|Any CPU.ActiveCfg = Debug|Any CPU
		{199C6D9B-3802-47EF-AF5A-29190A006C44}.Debug|Any CPU.Build.0 = Debug|Any CPU
		{199C6D9B-3802-47EF-AF5A-29190A006C44}.Release|Any CPU.ActiveCfg = Release|Any CPU
		{199C6D9B-3802-47EF-AF5A-29190A006C44}.Release|Any CPU.Build.0 = Release|Any CPU
		{A88B8CC5-81A9-4D3A-875C-08CFC5E453CB}.Debug|Any CPU.ActiveCfg = Debug|Any CPU
		{A88B8CC5-81A9-4D3A-875C-08CFC5E453CB}.Debug|Any CPU.Build.0 = Debug|Any CPU
		{A88B8CC5-81A9-4D3A-875C-08CFC5E453CB}.Release|Any CPU.ActiveCfg = Release|Any CPU
		{A88B8CC5-81A9-4D3A-875C-08CFC5E453CB}.Release|Any CPU.Build.0 = Release|Any CPU
		{0C4938FA-F700-4D50-B292-CDA468A0E970}.Debug|Any CPU.ActiveCfg = Debug|Any CPU
		{0C4938FA-F700-4D50-B292-CDA468A0E970}.Debug|Any CPU.Build.0 = Debug|Any CPU
		{0C4938FA-F700-4D50-B292-CDA468A0E970}.Release|Any CPU.ActiveCfg = Release|Any CPU
		{0C4938FA-F700-4D50-B292-CDA468A0E970}.Release|Any CPU.Build.0 = Release|Any CPU
		{FDF95EB4-CD77-46FF-93A4-6E75DD89E5BB}.Debug|Any CPU.ActiveCfg = Debug|Any CPU
		{FDF95EB4-CD77-46FF-93A4-6E75DD89E5BB}.Debug|Any CPU.Build.0 = Debug|Any CPU
		{FDF95EB4-CD77-46FF-93A4-6E75DD89E5BB}.Release|Any CPU.ActiveCfg = Release|Any CPU
		{FDF95EB4-CD77-46FF-93A4-6E75DD89E5BB}.Release|Any CPU.Build.0 = Release|Any CPU
		{3A2724D7-2713-4859-963C-5879ECD60C75}.Debug|Any CPU.ActiveCfg = Debug|Any CPU
		{3A2724D7-2713-4859-963C-5879ECD60C75}.Debug|Any CPU.Build.0 = Debug|Any CPU
		{3A2724D7-2713-4859-963C-5879ECD60C75}.Release|Any CPU.ActiveCfg = Release|Any CPU
		{3A2724D7-2713-4859-963C-5879ECD60C75}.Release|Any CPU.Build.0 = Release|Any CPU
		{A73BC498-5EAE-4A14-B38F-B8A057AA2EE1}.Debug|Any CPU.ActiveCfg = Debug|Any CPU
		{A73BC498-5EAE-4A14-B38F-B8A057AA2EE1}.Debug|Any CPU.Build.0 = Debug|Any CPU
		{A73BC498-5EAE-4A14-B38F-B8A057AA2EE1}.Release|Any CPU.ActiveCfg = Release|Any CPU
		{A73BC498-5EAE-4A14-B38F-B8A057AA2EE1}.Release|Any CPU.Build.0 = Release|Any CPU
		{852F8C0B-A1E7-477B-BC40-287200164F80}.Debug|Any CPU.ActiveCfg = Debug|Any CPU
		{852F8C0B-A1E7-477B-BC40-287200164F80}.Debug|Any CPU.Build.0 = Debug|Any CPU
		{852F8C0B-A1E7-477B-BC40-287200164F80}.Release|Any CPU.ActiveCfg = Release|Any CPU
		{852F8C0B-A1E7-477B-BC40-287200164F80}.Release|Any CPU.Build.0 = Release|Any CPU
		{F31AA583-D011-449B-B2B9-45A2ECC9F571}.Debug|Any CPU.ActiveCfg = Debug|Any CPU
		{F31AA583-D011-449B-B2B9-45A2ECC9F571}.Debug|Any CPU.Build.0 = Debug|Any CPU
		{F31AA583-D011-449B-B2B9-45A2ECC9F571}.Release|Any CPU.ActiveCfg = Release|Any CPU
		{F31AA583-D011-449B-B2B9-45A2ECC9F571}.Release|Any CPU.Build.0 = Release|Any CPU
	EndGlobalSection
	GlobalSection(SolutionProperties) = preSolution
		HideSolutionNode = FALSE
	EndGlobalSection
	GlobalSection(NestedProjects) = preSolution
		{AD1C210A-1987-46B1-87B3-3902F119ABF7} = {2288C6F5-9337-414C-8B0D-A96C5ECD84A2}
		{F003C8CA-CB3F-48DB-95AC-A496580AC46F} = {AD1C210A-1987-46B1-87B3-3902F119ABF7}
		{70EE4F68-23F2-440C-8E92-E7DDE6748E54} = {2288C6F5-9337-414C-8B0D-A96C5ECD84A2}
		{0378B83E-E11E-4230-AEEA-CFC2459FF7D7} = {70EE4F68-23F2-440C-8E92-E7DDE6748E54}
		{1B935EF4-54C9-41BF-923C-39B1E9349BDB} = {2288C6F5-9337-414C-8B0D-A96C5ECD84A2}
		{88A44ED3-94AB-4490-9F6A-E5E4275A4509} = {1B935EF4-54C9-41BF-923C-39B1E9349BDB}
		{8BF9235E-7F2B-4AA3-9AC2-10AEF550996C} = {1B935EF4-54C9-41BF-923C-39B1E9349BDB}
		{81BCF0F9-819F-4A0A-8E70-F5FBF930B746} = {1B935EF4-54C9-41BF-923C-39B1E9349BDB}
		{4F204DB6-E0E0-43BC-B133-9E8B71234DEB} = {88A44ED3-94AB-4490-9F6A-E5E4275A4509}
		{49F10534-B6EF-4AB7-B875-8A355C0213E3} = {88A44ED3-94AB-4490-9F6A-E5E4275A4509}
		{D4399011-4684-4FF2-B5C1-52DDE966ADD0} = {8BF9235E-7F2B-4AA3-9AC2-10AEF550996C}
		{7F6F9038-C479-41DF-ADCA-D0007EF8488F} = {81BCF0F9-819F-4A0A-8E70-F5FBF930B746}
		{BF203B60-1488-438C-B3FD-7D060E416CC8} = {ADA33D4B-F15B-4552-B7D5-22B05368E0F7}
		{FF882599-2A26-4F7D-946A-7E2D87B7D65D} = {2288C6F5-9337-414C-8B0D-A96C5ECD84A2}
		{E2305EB0-51D0-4175-A01A-C6DEF686F9F5} = {FF882599-2A26-4F7D-946A-7E2D87B7D65D}
		{B194B22F-5039-40EF-AE59-EE90603A51E4} = {FF882599-2A26-4F7D-946A-7E2D87B7D65D}
		{7B5B6E12-337A-4066-A714-AB7F2586EEAC} = {FF882599-2A26-4F7D-946A-7E2D87B7D65D}
		{7992A6B2-3FF8-491C-9A2C-7C2A1D9D6926} = {FF882599-2A26-4F7D-946A-7E2D87B7D65D}
		{199C6D9B-3802-47EF-AF5A-29190A006C44} = {FF882599-2A26-4F7D-946A-7E2D87B7D65D}
		{ED8C43D7-37D7-42DD-B293-CF4C33E2D416} = {2288C6F5-9337-414C-8B0D-A96C5ECD84A2}
		{A88B8CC5-81A9-4D3A-875C-08CFC5E453CB} = {ED8C43D7-37D7-42DD-B293-CF4C33E2D416}
		{0C4938FA-F700-4D50-B292-CDA468A0E970} = {9A5E43A9-E147-468D-B6CF-BC79FAE26EC5}
		{FDF95EB4-CD77-46FF-93A4-6E75DD89E5BB} = {9A5E43A9-E147-468D-B6CF-BC79FAE26EC5}
		{3FFD5E52-9B88-4A13-AAC8-B0E7641C58BC} = {2288C6F5-9337-414C-8B0D-A96C5ECD84A2}
		{3A2724D7-2713-4859-963C-5879ECD60C75} = {3FFD5E52-9B88-4A13-AAC8-B0E7641C58BC}
		{A73BC498-5EAE-4A14-B38F-B8A057AA2EE1} = {5F022A65-327D-43A1-81B0-7AD9EE1DAA72}
		{CE940E85-3B57-4ED2-93B3-073A7E4CD7E8} = {2288C6F5-9337-414C-8B0D-A96C5ECD84A2}
		{852F8C0B-A1E7-477B-BC40-287200164F80} = {CE940E85-3B57-4ED2-93B3-073A7E4CD7E8}
		{33C560A7-133F-4104-ACED-97C2003EF0F1} = {2288C6F5-9337-414C-8B0D-A96C5ECD84A2}
		{F31AA583-D011-449B-B2B9-45A2ECC9F571} = {33C560A7-133F-4104-ACED-97C2003EF0F1}
	EndGlobalSection
	GlobalSection(ExtensibilityGlobals) = postSolution
		SolutionGuid = {58FB86B0-1A90-4C74-A610-62F29122FC74}
	EndGlobalSection
EndGlobal
